
Microsoft Visual Studio Solution File, Format Version 12.00
# Visual Studio Version 17
VisualStudioVersion = 17.8.34525.116
MinimumVisualStudioVersion = 10.0.40219.1
Project("{FAE04EC0-301F-11D3-BF4B-00C04F79EFBC}") = "Domain", "Domain\Domain.csproj", "{56C945C2-B389-40B1-AB53-6408F75DCEFA}"
EndProject
Project("{FAE04EC0-301F-11D3-BF4B-00C04F79EFBC}") = "Application", "Application\Application.csproj", "{B2908BDC-43A2-49D3-BDFF-4FDEF835B9FF}"
EndProject
Project("{FAE04EC0-301F-11D3-BF4B-00C04F79EFBC}") = "CourseDbContext", "CourseDbContext\CourseDbContext.csproj", "{569C411A-712D-4C01-9423-BC59D8C56B9A}"
EndProject
Project("{FAE04EC0-301F-11D3-BF4B-00C04F79EFBC}") = "WebApi", "WebApi\WebApi.csproj", "{7F35EB2D-0C86-4CBB-9D4D-24A1FD2442F0}"
EndProject
Global
	GlobalSection(SolutionConfigurationPlatforms) = preSolution
		Debug|Any CPU = Debug|Any CPU
		Release|Any CPU = Release|Any CPU
	EndGlobalSection
	GlobalSection(ProjectConfigurationPlatforms) = postSolution
		{56C945C2-B389-40B1-AB53-6408F75DCEFA}.Debug|Any CPU.ActiveCfg = Debug|Any CPU
		{56C945C2-B389-40B1-AB53-6408F75DCEFA}.Debug|Any CPU.Build.0 = Debug|Any CPU
		{56C945C2-B389-40B1-AB53-6408F75DCEFA}.Release|Any CPU.ActiveCfg = Release|Any CPU
		{56C945C2-B389-40B1-AB53-6408F75DCEFA}.Release|Any CPU.Build.0 = Release|Any CPU
		{B2908BDC-43A2-49D3-BDFF-4FDEF835B9FF}.Debug|Any CPU.ActiveCfg = Debug|Any CPU
		{B2908BDC-43A2-49D3-BDFF-4FDEF835B9FF}.Debug|Any CPU.Build.0 = Debug|Any CPU
		{B2908BDC-43A2-49D3-BDFF-4FDEF835B9FF}.Release|Any CPU.ActiveCfg = Release|Any CPU
		{B2908BDC-43A2-49D3-BDFF-4FDEF835B9FF}.Release|Any CPU.Build.0 = Release|Any CPU
		{569C411A-712D-4C01-9423-BC59D8C56B9A}.Debug|Any CPU.ActiveCfg = Debug|Any CPU
		{569C411A-712D-4C01-9423-BC59D8C56B9A}.Debug|Any CPU.Build.0 = Debug|Any CPU
		{569C411A-712D-4C01-9423-BC59D8C56B9A}.Release|Any CPU.ActiveCfg = Release|Any CPU
		{569C411A-712D-4C01-9423-BC59D8C56B9A}.Release|Any CPU.Build.0 = Release|Any CPU
		{7F35EB2D-0C86-4CBB-9D4D-24A1FD2442F0}.Debug|Any CPU.ActiveCfg = Debug|Any CPU
		{7F35EB2D-0C86-4CBB-9D4D-24A1FD2442F0}.Debug|Any CPU.Build.0 = Debug|Any CPU
		{7F35EB2D-0C86-4CBB-9D4D-24A1FD2442F0}.Release|Any CPU.ActiveCfg = Release|Any CPU
		{7F35EB2D-0C86-4CBB-9D4D-24A1FD2442F0}.Release|Any CPU.Build.0 = Release|Any CPU
	EndGlobalSection
	GlobalSection(SolutionProperties) = preSolution
		HideSolutionNode = FALSE
	EndGlobalSection
	GlobalSection(ExtensibilityGlobals) = postSolution
		SolutionGuid = {8A022F6E-7A78-4A5B-833C-C5751237A8F1}
	EndGlobalSection
EndGlobal
